
Microsoft Visual Studio Solution File, Format Version 12.00
# Visual Studio Version 17
VisualStudioVersion = 17.8.34330.188
MinimumVisualStudioVersion = 10.0.40219.1
Project("{FAE04EC0-301F-11D3-BF4B-00C04F79EFBC}") = "C# Assignment02", "C# Assignment02\C# Assignment02.csproj", "{733E9A8F-8719-4EF1-924E-9CD4DB1B1C5E}"
EndProject
Global
	GlobalSection(SolutionConfigurationPlatforms) = preSolution
		Debug|Any CPU = Debug|Any CPU
		Release|Any CPU = Release|Any CPU
	EndGlobalSection
	GlobalSection(ProjectConfigurationPlatforms) = postSolution
		{733E9A8F-8719-4EF1-924E-9CD4DB1B1C5E}.Debug|Any CPU.ActiveCfg = Debug|Any CPU
		{733E9A8F-8719-4EF1-924E-9CD4DB1B1C5E}.Debug|Any CPU.Build.0 = Debug|Any CPU
		{733E9A8F-8719-4EF1-924E-9CD4DB1B1C5E}.Release|Any CPU.ActiveCfg = Release|Any CPU
		{733E9A8F-8719-4EF1-924E-9CD4DB1B1C5E}.Release|Any CPU.Build.0 = Release|Any CPU
	EndGlobalSection
	GlobalSection(SolutionProperties) = preSolution
		HideSolutionNode = FALSE
	EndGlobalSection
	GlobalSection(ExtensibilityGlobals) = postSolution
		SolutionGuid = {0547EE74-6539-4236-A8C6-E81657DE43BE}
	EndGlobalSection
EndGlobal
